# THIS IS AN AUTOGENERATED FILE. DO NOT EDIT THIS FILE DIRECTLY.
# yarn lockfile v1


"@prisma/client@^5.3.1":
  version "5.3.1"
  resolved "https://registry.yarnpkg.com/@prisma/client/-/client-5.3.1.tgz#fc7fc2d91e814cc4fe18a4bc5e78bf851c26985e"
  integrity sha512-ArOKjHwdFZIe1cGU56oIfy7wRuTn0FfZjGuU/AjgEBOQh+4rDkB6nF+AGHP8KaVpkBIiHGPQh3IpwQ3xDMdO0Q==
  dependencies:
    "@prisma/engines-version" "5.3.1-2.61e140623197a131c2a6189271ffee05a7aa9a59"

"@prisma/engines-version@5.3.1-2.61e140623197a131c2a6189271ffee05a7aa9a59":
  version "5.3.1-2.61e140623197a131c2a6189271ffee05a7aa9a59"
  resolved "https://registry.yarnpkg.com/@prisma/engines-version/-/engines-version-5.3.1-2.61e140623197a131c2a6189271ffee05a7aa9a59.tgz#7eb6f5c6b7628b8b39df55c903f411528a6f761c"
  integrity sha512-y5qbUi3ql2Xg7XraqcXEdMHh0MocBfnBzDn5GbV1xk23S3Mq8MGs+VjacTNiBh3dtEdUERCrUUG7Z3QaJ+h79w==

"@prisma/engines@5.3.1":
  version "5.3.1"
  resolved "https://registry.yarnpkg.com/@prisma/engines/-/engines-5.3.1.tgz#53cc72a5ed176dc27d22305fe5569c64cc78b381"
  integrity sha512-6QkILNyfeeN67BNEPEtkgh3Xo2tm6D7V+UhrkBbRHqKw9CTaz/vvTP/ROwYSP/3JT2MtIutZm/EnhxUiuOPVDA==

"@types/node@^20.6.3":
  version "20.6.3"
  resolved "https://registry.yarnpkg.com/@types/node/-/node-20.6.3.tgz#5b763b321cd3b80f6b8dde7a37e1a77ff9358dd9"
  integrity sha512-HksnYH4Ljr4VQgEy2lTStbCKv/P590tmPe5HqOnv9Gprffgv5WXAY+Y5Gqniu0GGqeTCUdBnzC3QSrzPkBkAMA==

prisma@^5.3.1:
  version "5.3.1"
  resolved "https://registry.yarnpkg.com/prisma/-/prisma-5.3.1.tgz#a0932c1c1a5ed4ff449d064b193d9c7e94e8bf77"
  integrity sha512-Wp2msQIlMPHe+5k5Od6xnsI/WNG7UJGgFUJgqv/ygc7kOECZapcSz/iU4NIEzISs3H1W9sFLjAPbg/gOqqtB7A==
  dependencies:
    "@prisma/engines" "5.3.1"

typescript@^5.2.2:
  version "5.2.2"
  resolved "https://registry.yarnpkg.com/typescript/-/typescript-5.2.2.tgz#5ebb5e5a5b75f085f22bc3f8460fba308310fa78"
  integrity sha512-mI4WrpHsbCIcwT9cF4FZvr80QUeKvsUsUvKDoR+X/7XHQH98xYD8YHZg7ANtz2GtZt/CBq2QJ0thkGJMHfqc1w==
