# THIS IS AN AUTOGENERATED FILE. DO NOT EDIT THIS FILE DIRECTLY.
# yarn lockfile v1


"@prisma/client@^5.2.0":
  version "5.2.0"
  resolved "https://registry.yarnpkg.com/@prisma/client/-/client-5.2.0.tgz#cbfdd440614b38736563a7999f39922fcde0ed50"
  integrity sha512-AiTjJwR4J5Rh6Z/9ZKrBBLel3/5DzUNntMohOy7yObVnVoTNVFi2kvpLZlFuKO50d7yDspOtW6XBpiAd0BVXbQ==
  dependencies:
    "@prisma/engines-version" "5.2.0-25.2804dc98259d2ea960602aca6b8e7fdc03c1758f"

"@prisma/engines-version@5.2.0-25.2804dc98259d2ea960602aca6b8e7fdc03c1758f":
  version "5.2.0-25.2804dc98259d2ea960602aca6b8e7fdc03c1758f"
  resolved "https://registry.yarnpkg.com/@prisma/engines-version/-/engines-version-5.2.0-25.2804dc98259d2ea960602aca6b8e7fdc03c1758f.tgz#11366e7ff031c908debf4983248d40046016de37"
  integrity sha512-jsnKT5JIDIE01lAeCj2ghY9IwxkedhKNvxQeoyLs6dr4ZXynetD0vTy7u6wMJt8vVPv8I5DPy/I4CFaoXAgbtg==

"@prisma/engines@5.2.0":
  version "5.2.0"
  resolved "https://registry.yarnpkg.com/@prisma/engines/-/engines-5.2.0.tgz#e5dff48eb324c8137393933292d44ea5c3bc2ce7"
  integrity sha512-dT7FOLUCdZmq+AunLqB1Iz+ZH/IIS1Fz2THmKZQ6aFONrQD/BQ5ecJ7g2wGS2OgyUFf4OaLam6/bxmgdOBDqig==

"@types/node@^20.5.9":
  version "20.5.9"
  resolved "https://registry.yarnpkg.com/@types/node/-/node-20.5.9.tgz#a70ec9d8fa0180a314c3ede0e20ea56ff71aed9a"
  integrity sha512-PcGNd//40kHAS3sTlzKB9C9XL4K0sTup8nbG5lC14kzEteTNuAFh9u5nA0o5TWnSG2r/JNPRXFVcHJIIeRlmqQ==

prisma@^5.2.0:
  version "5.2.0"
  resolved "https://registry.yarnpkg.com/prisma/-/prisma-5.2.0.tgz#a302dc2635cdec1d22d552ece837fb29a03563b9"
  integrity sha512-FfFlpjVCkZwrqxDnP4smlNYSH1so+CbfjgdpioFzGGqlQAEm6VHAYSzV7jJgC3ebtY9dNOhDMS2+4/1DDSM7bQ==
  dependencies:
    "@prisma/engines" "5.2.0"

typescript@^5.2.2:
  version "5.2.2"
  resolved "https://registry.yarnpkg.com/typescript/-/typescript-5.2.2.tgz#5ebb5e5a5b75f085f22bc3f8460fba308310fa78"
  integrity sha512-mI4WrpHsbCIcwT9cF4FZvr80QUeKvsUsUvKDoR+X/7XHQH98xYD8YHZg7ANtz2GtZt/CBq2QJ0thkGJMHfqc1w==
