# THIS IS AN AUTOGENERATED FILE. DO NOT EDIT THIS FILE DIRECTLY.
# yarn lockfile v1


"@types/node@*":
  version "20.5.7"
  resolved "https://registry.yarnpkg.com/@types/node/-/node-20.5.7.tgz#4b8ecac87fbefbc92f431d09c30e176fc0a7c377"
  integrity sha512-dP7f3LdZIysZnmvP3ANJYTSwg+wLLl8p7RqniVlV7j+oXSXAbt9h0WIBFmJy5inWZoX9wZN6eXx+YXd9Rh3RBA==

"@types/nodemailer@^6.4.9":
  version "6.4.9"
  resolved "https://registry.yarnpkg.com/@types/nodemailer/-/nodemailer-6.4.9.tgz#38e22cc2e62006170df0966fb8762fbf5cec6cbf"
  integrity sha512-XYG8Gv+sHjaOtUpiuytahMy2mM3rectgroNbs6R3djZEKmPNiIJwe9KqOJBGzKKnNZNKvnuvmugBgpq3w/S0ig==
  dependencies:
    "@types/node" "*"

nodemailer@^6.9.4:
  version "6.9.4"
  resolved "https://registry.yarnpkg.com/nodemailer/-/nodemailer-6.9.4.tgz#93bd4a60eb0be6fa088a0483340551ebabfd2abf"
  integrity sha512-CXjQvrQZV4+6X5wP6ZIgdehJamI63MFoYFGGPtHudWym9qaEHDNdPzaj5bfMCvxG1vhAileSWW90q7nL0N36mA==

typescript@^5.2.2:
  version "5.2.2"
  resolved "https://registry.yarnpkg.com/typescript/-/typescript-5.2.2.tgz#5ebb5e5a5b75f085f22bc3f8460fba308310fa78"
  integrity sha512-mI4WrpHsbCIcwT9cF4FZvr80QUeKvsUsUvKDoR+X/7XHQH98xYD8YHZg7ANtz2GtZt/CBq2QJ0thkGJMHfqc1w==
